
Microsoft Visual Studio Solution File, Format Version 12.00
# Visual Studio 14
VisualStudioVersion = 14.0.25420.1
MinimumVisualStudioVersion = 10.0.40219.1
Project("{FAE04EC0-301F-11D3-BF4B-00C04F79EFBC}") = "cSharpTutorial", "cSharpTutorial\cSharpTutorial.csproj", "{7B80B33E-A843-40BA-95EB-B569134710B7}"
EndProject
Project("{FAE04EC0-301F-11D3-BF4B-00C04F79EFBC}") = "variables", "variables\variables.csproj", "{2BF5C5A1-6377-41EA-987F-7EB758B1E151}"
EndProject
Global
	GlobalSection(SolutionConfigurationPlatforms) = preSolution
		Debug|Any CPU = Debug|Any CPU
		Release|Any CPU = Release|Any CPU
	EndGlobalSection
	GlobalSection(ProjectConfigurationPlatforms) = postSolution
		{7B80B33E-A843-40BA-95EB-B569134710B7}.Debug|Any CPU.ActiveCfg = Debug|Any CPU
		{7B80B33E-A843-40BA-95EB-B569134710B7}.Debug|Any CPU.Build.0 = Debug|Any CPU
		{7B80B33E-A843-40BA-95EB-B569134710B7}.Release|Any CPU.ActiveCfg = Release|Any CPU
		{7B80B33E-A843-40BA-95EB-B569134710B7}.Release|Any CPU.Build.0 = Release|Any CPU
		{2BF5C5A1-6377-41EA-987F-7EB758B1E151}.Debug|Any CPU.ActiveCfg = Debug|Any CPU
		{2BF5C5A1-6377-41EA-987F-7EB758B1E151}.Debug|Any CPU.Build.0 = Debug|Any CPU
		{2BF5C5A1-6377-41EA-987F-7EB758B1E151}.Release|Any CPU.ActiveCfg = Release|Any CPU
		{2BF5C5A1-6377-41EA-987F-7EB758B1E151}.Release|Any CPU.Build.0 = Release|Any CPU
	EndGlobalSection
	GlobalSection(SolutionProperties) = preSolution
		HideSolutionNode = FALSE
	EndGlobalSection
EndGlobal
